
Microsoft Visual Studio Solution File, Format Version 12.00
# Visual Studio 2015
Project("{FAE04EC0-301F-11D3-BF4B-00C04F79EFBC}") = "CollegeCooking.CSharp", "CollegeCooking.CSharp.csproj", "{ED498065-363A-F103-BAF3-DA3B89190A14}"
EndProject
Global
	GlobalSection(SolutionConfigurationPlatforms) = preSolution
		Debug|Any CPU = Debug|Any CPU
		Release|Any CPU = Release|Any CPU
	EndGlobalSection
	GlobalSection(ProjectConfigurationPlatforms) = postSolution
		{ED498065-363A-F103-BAF3-DA3B89190A14}.Debug|Any CPU.ActiveCfg = Debug|Any CPU
		{ED498065-363A-F103-BAF3-DA3B89190A14}.Debug|Any CPU.Build.0 = Debug|Any CPU
		{ED498065-363A-F103-BAF3-DA3B89190A14}.Release|Any CPU.ActiveCfg = Release|Any CPU
		{ED498065-363A-F103-BAF3-DA3B89190A14}.Release|Any CPU.Build.0 = Release|Any CPU
	EndGlobalSection
	GlobalSection(SolutionProperties) = preSolution
		HideSolutionNode = FALSE
	EndGlobalSection
EndGlobal
